
Microsoft Visual Studio Solution File, Format Version 12.00
# Visual Studio Version 17
VisualStudioVersion = 17.5.33516.290
MinimumVisualStudioVersion = 10.0.40219.1
Project("{FAE04EC0-301F-11D3-BF4B-00C04F79EFBC}") = "consoleui", "consoleui.csproj", "{DA642807-FE34-41B1-A7E7-163E1F6FC8C8}"
EndProject
Project("{2150E333-8FDC-42A3-9474-1A3956D46DE8}") = "Solution Items", "Solution Items", "{B3ABB9B0-7B81-483E-BC5C-6681C854B3B0}"
	ProjectSection(SolutionItems) = preProject
		.editorconfig = .editorconfig
	EndProjectSection
EndProject
Global
	GlobalSection(SolutionConfigurationPlatforms) = preSolution
		Debug|Any CPU = Debug|Any CPU
		Release|Any CPU = Release|Any CPU
	EndGlobalSection
	GlobalSection(ProjectConfigurationPlatforms) = postSolution
		{DA642807-FE34-41B1-A7E7-163E1F6FC8C8}.Debug|Any CPU.ActiveCfg = Debug|Any CPU
		{DA642807-FE34-41B1-A7E7-163E1F6FC8C8}.Debug|Any CPU.Build.0 = Debug|Any CPU
		{DA642807-FE34-41B1-A7E7-163E1F6FC8C8}.Release|Any CPU.ActiveCfg = Release|Any CPU
		{DA642807-FE34-41B1-A7E7-163E1F6FC8C8}.Release|Any CPU.Build.0 = Release|Any CPU
	EndGlobalSection
	GlobalSection(SolutionProperties) = preSolution
		HideSolutionNode = FALSE
	EndGlobalSection
	GlobalSection(ExtensibilityGlobals) = postSolution
		SolutionGuid = {E502FF86-0B18-42B6-B6DA-8D8EFFF7625D}
	EndGlobalSection
EndGlobal
